{
  "requires": true,
  "lockfileVersion": 1,
  "dependencies": {
    "google-protobuf": {
      "version": "3.5.0",
      "resolved": "https://registry.npmjs.org/google-protobuf/-/google-protobuf-3.5.0.tgz",
      "integrity": "sha1-uMxjx02DRXvYqakEUDyO+ya8ozk="
    },
    "lodash": {
      "version": "4.17.5",
      "resolved": "https://registry.npmjs.org/lodash/-/lodash-4.17.5.tgz",
      "integrity": "sha512-svL3uiZf1RwhH+cWrfZn3A4+U58wbP0tGVTLQPbjplZxZ8ROD9VLuNgsRniTlLe7OlSqR79RUehXgpBW/s0IQw=="
    },
    "tensorjs": {
      "version": "0.2.0",
      "resolved": "https://registry.npmjs.org/tensorjs/-/tensorjs-0.2.0.tgz",
      "integrity": "sha1-zjSJN6Cj+j6M6IW7S0ErUFT5abs=",
      "requires": {
        "google-protobuf": "3.5.0",
        "lodash": "4.17.5"
      }
    },
    "tfjs": {
      "version": "0.6.0",
      "resolved": "https://registry.npmjs.org/tfjs/-/tfjs-0.6.0.tgz",
      "integrity": "sha1-Nw7l0hEvVz5ju7cM01C5BnfhGcw=",
      "requires": {
        "tensorjs": "0.2.0"
      }
    }
  }
}
